// !$*UTF8*$!
{
	archiveVersion = 1;
	classes = {
	};
	objectVersion = 46;
	objects = {

/* Begin PBXBuildFile section */
		3F22C8191C614050007CFE92 /* AppDelegate.swift in Sources */ = {isa = PBXBuildFile; fileRef = 3F22C8181C614050007CFE92 /* AppDelegate.swift */; };
		3F22C81B1C614050007CFE92 /* ViewController.swift in Sources */ = {isa = PBXBuildFile; fileRef = 3F22C81A1C614050007CFE92 /* ViewController.swift */; };
		3F22C81E1C614050007CFE92 /* Main.storyboard in Resources */ = {isa = PBXBuildFile; fileRef = 3F22C81C1C614050007CFE92 /* Main.storyboard */; };
		3F22C8201C614050007CFE92 /* Assets.xcassets in Resources */ = {isa = PBXBuildFile; fileRef = 3F22C81F1C614050007CFE92 /* Assets.xcassets */; };
		3F22C8231C614050007CFE92 /* LaunchScreen.storyboard in Resources */ = {isa = PBXBuildFile; fileRef = 3F22C8211C614050007CFE92 /* LaunchScreen.storyboard */; };
/* End PBXBuildFile section */

/* Begin PBXFileReference section */
		3F22C8151C614050007CFE92 /* In class lab quiz.app */ = {isa = PBXFileReference; explicitFileType = wrapper.application; includeInIndex = 0; path = "In class lab quiz.app"; sourceTree = BUILT_PRODUCTS_DIR; };
		3F22C8181C614050007CFE92 /* AppDelegate.swift */ = {isa = PBXFileReference; lastKnownFileType = sourcecode.swift; path = AppDelegate.swift; sourceTree = "<group>"; };
		3F22C81A1C614050007CFE92 /* ViewController.swift */ = {isa = PBXFileReference; lastKnownFileType = sourcecode.swift; path = ViewController.swift; sourceTree = "<group>"; };
		3F22C81D1C614050007CFE92 /* Base */ = {isa = PBXFileReference; lastKnownFileType = file.storyboard; name = Base; path = Base.lproj/Main.storyboard; sourceTree = "<group>"; };
		3F22C81F1C614050007CFE92 /* Assets.xcassets */ = {isa = PBXFileReference; lastKnownFileType = folder.assetcatalog; path = Assets.xcassets; sourceTree = "<group>"; };
		3F22C8221C614050007CFE92 /* Base */ = {isa = PBXFileReference; lastKnownFileType = file.storyboard; name = Base; path = Base.lproj/LaunchScreen.storyboard; sourceTree = "<group>"; };
		3F22C8241C614050007CFE92 /* Info.plist */ = {isa = PBXFileReference; lastKnownFileType = text.plist.xml; path = Info.plist; sourceTree = "<group>"; };
/* End PBXFileReference section */

/* Begin PBXFrameworksBuildPhase section */
		3F22C8121C614050007CFE92 /* Frameworks */ = {
			isa = PBXFrameworksBuildPhase;
			buildActionMask = 2147483647;
			files = (
			);
			runOnlyForDeploymentPostprocessing = 0;
		};
/* End PBXFrameworksBuildPhase section */

/* Begin PBXGroup section */
		3F22C80C1C614050007CFE92 = {
			isa = PBXGroup;
			children = (
				3F22C8171C614050007CFE92 /* In class lab quiz */,
				3F22C8161C614050007CFE92 /* Products */,
			);
			sourceTree = "<group>";
		};
		3F22C8161C614050007CFE92 /* Products */ = {
			isa = PBXGroup;
			children = (
				3F22C8151C614050007CFE92 /* In class lab quiz.app */,
			);
			name = Products;
			sourceTree = "<group>";
		};
		3F22C8171C614050007CFE92 /* In class lab quiz */ = {
			isa = PBXGroup;
			children = (
				3F22C8181C614050007CFE92 /* AppDelegate.swift */,
				3F22C81A1C614050007CFE92 /* ViewController.swift */,
				3F22C81C1C614050007CFE92 /* Main.storyboard */,
				3F22C81F1C614050007CFE92 /* Assets.xcassets */,
				3F22C8211C614050007CFE92 /* LaunchScreen.storyboard */,
				3F22C8241C614050007CFE92 /* Info.plist */,
			);
			path = "In class lab quiz";
			sourceTree = "<group>";
		};
/* End PBXGroup section */

/* Begin PBXNativeTarget section */
		3F22C8141C614050007CFE92 /* In class lab quiz */ = {
			isa = PBXNativeTarget;
			buildConfigurationList = 3F22C8271C614050007CFE92 /* Build configuration list for PBXNativeTarget "In class lab quiz" */;
			buildPhases = (
				3F22C8111C614050007CFE92 /* Sources */,
				3F22C8121C614050007CFE92 /* Frameworks */,
				3F22C8131C614050007CFE92 /* Resources */,
			);
			buildRules = (
			);
			dependencies = (
			);
			name = "In class lab quiz";
			productName = "In class lab quiz";
			productReference = 3F22C8151C614050007CFE92 /* In class lab quiz.app */;
			productType = "com.apple.product-type.application";
		};
/* End PBXNativeTarget section */

/* Begin PBXProject section */
		3F22C80D1C614050007CFE92 /* Project object */ = {
			isa = PBXProject;
			attributes = {
				LastSwiftUpdateCheck = 0720;
				LastUpgradeCheck = 0720;
				ORGANIZATIONNAME = Student;
				TargetAttributes = {
					3F22C8141C614050007CFE92 = {
						CreatedOnToolsVersion = 7.2;
					};
				};
			};
			buildConfigurationList = 3F22C8101C614050007CFE92 /* Build configuration list for PBXProject "In class lab quiz" */;
			compatibilityVersion = "Xcode 3.2";
			developmentRegion = English;
			hasScannedForEncodings = 0;
			knownRegions = (
				en,
				Base,
			);
			mainGroup = 3F22C80C1C614050007CFE92;
			productRefGroup = 3F22C8161C614050007CFE92 /* Products */;
			projectDirPath = "";
			projectRoot = "";
			targets = (
				3F22C8141C614050007CFE92 /* In class lab quiz */,
			);
		};
/* End PBXProject section */

/* Begin PBXResourcesBuildPhase section */
		3F22C8131C614050007CFE92 /* Resources */ = {
			isa = PBXResourcesBuildPhase;
			buildActionMask = 2147483647;
			files = (
				3F22C8231C614050007CFE92 /* LaunchScreen.storyboard in Resources */,
				3F22C8201C614050007CFE92 /* Assets.xcassets in Resources */,
				3F22C81E1C614050007CFE92 /* Main.storyboard in Resources */,
			);
			runOnlyForDeploymentPostprocessing = 0;
		};
/* End PBXResourcesBuildPhase section */

/* Begin PBXSourcesBuildPhase section */
		3F22C8111C614050007CFE92 /* Sources */ = {
			isa = PBXSourcesBuildPhase;
			buildActionMask = 2147483647;
			files = (
				3F22C81B1C614050007CFE92 /* ViewController.swift in Sources */,
				3F22C8191C614050007CFE92 /* AppDelegate.swift in Sources */,
			);
			runOnlyForDeploymentPostprocessing = 0;
		};
/* End PBXSourcesBuildPhase section */

/* Begin PBXVariantGroup section */
		3F22C81C1C614050007CFE92 /* Main.storyboard */ = {
			isa = PBXVariantGroup;
			children = (
				3F22C81D1C614050007CFE92 /* Base */,
			);
			name = Main.storyboard;
			sourceTree = "<group>";
		};
		3F22C8211C614050007CFE92 /* LaunchScreen.storyboard */ = {
			isa = PBXVariantGroup;
			children = (
				3F22C8221C614050007CFE92 /* Base */,
			);
			name = LaunchScreen.storyboard;
			sourceTree = "<group>";
		};
/* End PBXVariantGroup section */

/* Begin XCBuildConfiguration section */
		3F22C8251C614050007CFE92 /* Debug */ = {
			isa = XCBuildConfiguration;
			buildSettings = {
				ALWAYS_SEARCH_USER_PATHS = NO;
				CLANG_CXX_LANGUAGE_STANDARD = "gnu++0x";
				CLANG_CXX_LIBRARY = "libc++";
				CLANG_ENABLE_MODULES = YES;
				CLANG_ENABLE_OBJC_ARC = YES;
				CLANG_WARN_BOOL_CONVERSION = YES;
				CLANG_WARN_CONSTANT_CONVERSION = YES;
				CLANG_WARN_DIRECT_OBJC_ISA_USAGE = YES_ERROR;
				CLANG_WARN_EMPTY_BODY = YES;
				CLANG_WARN_ENUM_CONVERSION = YES;
				CLANG_WARN_INT_CONVERSION = YES;
				CLANG_WARN_OBJC_ROOT_CLASS = YES_ERROR;
				CLANG_WARN_UNREACHABLE_CODE = YES;
				CLANG_WARN__DUPLICATE_METHOD_MATCH = YES;
				"CODE_SIGN_IDENTITY[sdk=iphoneos*]" = "iPhone Developer";
				COPY_PHASE_STRIP = NO;
				DEBUG_INFORMATION_FORMAT = dwarf;
				ENABLE_STRICT_OBJC_MSGSEND = YES;
				ENABLE_TESTABILITY = YES;
				GCC_C_LANGUAGE_STANDARD = gnu99;
				GCC_DYNAMIC_NO_PIC = NO;
				GCC_NO_COMMON_BLOCKS = YES;
				GCC_OPTIMIZATION_LEVEL = 0;
				GCC_PREPROCESSOR_DEFINITIONS = (
					"DEBUG=1",
					"$(inherited)",
				);
				GCC_WARN_64_TO_32_BIT_CONVERSION = YES;
				GCC_WARN_ABOUT_RETURN_TYPE = YES_ERROR;
				GCC_WARN_UNDECLARED_SELECTOR = YES;
				GCC_WARN_UNINITIALIZED_AUTOS = YES_AGGRESSIVE;
				GCC_WARN_UNUSED_FUNCTION = YES;
				GCC_WARN_UNUSED_VARIABLE = YES;
				IPHONEOS_DEPLOYMENT_TARGET = 9.2;
				MTL_ENABLE_DEBUG_INFO = YES;
				ONLY_ACTIVE_ARCH = YES;
				SDKROOT = iphoneos;
				SWIFT_OPTIMIZATION_LEVEL = "-Onone";
			};
			name = Debug;
		};
		3F22C8261C614050007CFE92 /* Release */ = {
			isa = XCBuildConfiguration;
			buildSettings = {
				ALWAYS_SEARCH_USER_PATHS = NO;
				CLANG_CXX_LANGUAGE_STANDARD = "gnu++0x";
				CLANG_CXX_LIBRARY = "libc++";
				CLANG_ENABLE_MODULES = YES;
				CLANG_ENABLE_OBJC_ARC = YES;
				CLANG_WARN_BOOL_CONVERSION = YES;
				CLANG_WARN_CONSTANT_CONVERSION = YES;
				CLANG_WARN_DIRECT_OBJC_ISA_USAGE = YES_ERROR;
				CLANG_WARN_EMPTY_BODY = YES;
				CLANG_WARN_ENUM_CONVERSION = YES;
				CLANG_WARN_INT_CONVERSION = YES;
				CLANG_WARN_OBJC_ROOT_CLASS = YES_ERROR;
				CLANG_WARN_UNREACHABLE_CODE = YES;
				CLANG_WARN__DUPLICATE_METHOD_MATCH = YES;
				"CODE_SIGN_IDENTITY[sdk=iphoneos*]" = "iPhone Developer";
				COPY_PHASE_STRIP = NO;
				DEBUG_INFORMATION_FORMAT = "dwarf-with-dsym";
				ENABLE_NS_ASSERTIONS = NO;
				ENABLE_STRICT_OBJC_MSGSEND = YES;
				GCC_C_LANGUAGE_STANDARD = gnu99;
				GCC_NO_COMMON_BLOCKS = YES;
				GCC_WARN_64_TO_32_BIT_CONVERSION = YES;
				GCC_WARN_ABOUT_RETURN_TYPE = YES_ERROR;
				GCC_WARN_UNDECLARED_SELECTOR = YES;
				GCC_WARN_UNINITIALIZED_AUTOS = YES_AGGRESSIVE;
				GCC_WARN_UNUSED_FUNCTION = YES;
				GCC_WARN_UNUSED_VARIABLE = YES;
				IPHONEOS_DEPLOYMENT_TARGET = 9.2;
				MTL_ENABLE_DEBUG_INFO = NO;
				SDKROOT = iphoneos;
				VALIDATE_PRODUCT = YES;
			};
			name = Release;
		};
		3F22C8281C614050007CFE92 /* Debug */ = {
			isa = XCBuildConfiguration;
			buildSettings = {
				ASSETCATALOG_COMPILER_APPICON_NAME = AppIcon;
				INFOPLIST_FILE = "In class lab quiz/Info.plist";
				LD_RUNPATH_SEARCH_PATHS = "$(inherited) @executable_path/Frameworks";
				PRODUCT_BUNDLE_IDENTIFIER = "com.SpadeIndustries.In-class-lab-quiz";
				PRODUCT_NAME = "$(TARGET_NAME)";
			};
			name = Debug;
		};
		3F22C8291C614050007CFE92 /* Release */ = {
			isa = XCBuildConfiguration;
			buildSettings = {
				ASSETCATALOG_COMPILER_APPICON_NAME = AppIcon;
				INFOPLIST_FILE = "In class lab quiz/Info.plist";
				LD_RUNPATH_SEARCH_PATHS = "$(inherited) @executable_path/Frameworks";
				PRODUCT_BUNDLE_IDENTIFIER = "com.SpadeIndustries.In-class-lab-quiz";
				PRODUCT_NAME = "$(TARGET_NAME)";
			};
			name = Release;
		};
/* End XCBuildConfiguration section */

/* Begin XCConfigurationList section */
		3F22C8101C614050007CFE92 /* Build configuration list for PBXProject "In class lab quiz" */ = {
			isa = XCConfigurationList;
			buildConfigurations = (
				3F22C8251C614050007CFE92 /* Debug */,
				3F22C8261C614050007CFE92 /* Release */,
			);
			defaultConfigurationIsVisible = 0;
			defaultConfigurationName = Release;
		};
		3F22C8271C614050007CFE92 /* Build configuration list for PBXNativeTarget "In class lab quiz" */ = {
			isa = XCConfigurationList;
			buildConfigurations = (
				3F22C8281C614050007CFE92 /* Debug */,
				3F22C8291C614050007CFE92 /* Release */,
			);
			defaultConfigurationIsVisible = 0;
		};
/* End XCConfigurationList section */
	};
	rootObject = 3F22C80D1C614050007CFE92 /* Project object */;
}
